Microsoft Visual Studio Solution File, Format Version 12.00
# Visual Studio 2012
Project("{FAE04EC0-301F-11D3-BF4B-00C04F79EFBC}") = "Build", "src\Build\Build.csproj", "{DE24D3B6-EED5-44C7-A0CA-AE66A364365B}"
EndProject
Project("{FAE04EC0-301F-11D3-BF4B-00C04F79EFBC}") = "Scenarios", "src\Scenarios\Scenarios.csproj", "{637BF041-BB18-49E7-92CA-7922EB211592}"
EndProject
Project("{2150E333-8FDC-42A3-9474-1A3956D46DE8}") = ".nuget", ".nuget", "{3795476A-98F2-457A-A7A4-885FBE242627}"
	ProjectSection(SolutionItems) = preProject
		.nuget\NuGet.Config = .nuget\NuGet.Config
		.nuget\NuGet.exe = .nuget\NuGet.exe
		.nuget\NuGet.targets = .nuget\NuGet.targets
	EndProjectSection
EndProject
Project("{FAE04EC0-301F-11D3-BF4B-00C04F79EFBC}") = "Core", "src\Core\Core.csproj", "{355AD8CD-3FB2-42A3-AB3F-585CE58CC69E}"
EndProject
Project("{FAE04EC0-301F-11D3-BF4B-00C04F79EFBC}") = "CommandLine", "src\CommandLine\CommandLine.csproj", "{588D487A-E1AE-4576-9AFA-78C6C3F0AA3C}"
EndProject
Project("{2150E333-8FDC-42A3-9474-1A3956D46DE8}") = "Powershell", "Powershell", "{2BA2342D-4ADE-44D1-9910-BF6B82125254}"
	ProjectSection(SolutionItems) = preProject
		src\Powershell\XRepoTabExpansion.psm1 = src\Powershell\XRepoTabExpansion.psm1
		src\Powershell\XRepoTabExpansionBootstrapper.ps1 = src\Powershell\XRepoTabExpansionBootstrapper.ps1
	EndProjectSection
EndProject
Project("{2150E333-8FDC-42A3-9474-1A3956D46DE8}") = "Bash", "Bash", "{17C2ADC8-E150-4AF4-AF18-2696961FBA50}"
	ProjectSection(SolutionItems) = preProject
		src\Bash\xrepo_completion.bash = src\Bash\xrepo_completion.bash
	EndProjectSection
EndProject
Project("{2150E333-8FDC-42A3-9474-1A3956D46DE8}") = "Deploy", "Deploy", "{ECEEC24B-63FE-4404-AC66-9A94FB19B83D}"
	ProjectSection(SolutionItems) = preProject
		deploy\xrepo.nuspec = deploy\xrepo.nuspec
	EndProjectSection
EndProject
Project("{2150E333-8FDC-42A3-9474-1A3956D46DE8}") = "tools", "tools", "{D12DB11C-F3F5-4547-9C11-1DBABB6883C6}"
	ProjectSection(SolutionItems) = preProject
		deploy\tools\chocolateyInstall.ps1 = deploy\tools\chocolateyInstall.ps1
		deploy\tools\chocolateyUninstall.ps1 = deploy\tools\chocolateyUninstall.ps1
		deploy\tools\GlobalMSBuildHook.psm1 = deploy\tools\GlobalMSBuildHook.psm1
		deploy\tools\install.ps1 = deploy\tools\install.ps1
		deploy\tools\installGlobalMsBuildHook.ps1 = deploy\tools\installGlobalMsBuildHook.ps1
		deploy\tools\uninstallGlobalMsBuildHook.ps1 = deploy\tools\uninstallGlobalMsBuildHook.ps1
	EndProjectSection
EndProject
Project("{2150E333-8FDC-42A3-9474-1A3956D46DE8}") = "build", "build", "{A983F4B8-92F8-44E6-B7C9-C33823F3E890}"
	ProjectSection(SolutionItems) = preProject
		deploy\build\Custom.After.Microsoft.Common.Targets = deploy\build\Custom.After.Microsoft.Common.Targets
	EndProjectSection
EndProject
Project("{2150E333-8FDC-42A3-9474-1A3956D46DE8}") = "Solution Items", "Solution Items", "{D1BFF699-243E-4C40-BD22-91EC0B0BDCD3}"
	ProjectSection(SolutionItems) = preProject
		build.proj = build.proj
	EndProjectSection
EndProject
Global
	GlobalSection(SolutionConfigurationPlatforms) = preSolution
		Debug|Any CPU = Debug|Any CPU
		Release|Any CPU = Release|Any CPU
	EndGlobalSection
	GlobalSection(ProjectConfigurationPlatforms) = postSolution
		{DE24D3B6-EED5-44C7-A0CA-AE66A364365B}.Debug|Any CPU.ActiveCfg = Debug|Any CPU
		{DE24D3B6-EED5-44C7-A0CA-AE66A364365B}.Debug|Any CPU.Build.0 = Debug|Any CPU
		{DE24D3B6-EED5-44C7-A0CA-AE66A364365B}.Release|Any CPU.ActiveCfg = Release|Any CPU
		{DE24D3B6-EED5-44C7-A0CA-AE66A364365B}.Release|Any CPU.Build.0 = Release|Any CPU
		{637BF041-BB18-49E7-92CA-7922EB211592}.Debug|Any CPU.ActiveCfg = Debug|Any CPU
		{637BF041-BB18-49E7-92CA-7922EB211592}.Debug|Any CPU.Build.0 = Debug|Any CPU
		{637BF041-BB18-49E7-92CA-7922EB211592}.Release|Any CPU.ActiveCfg = Release|Any CPU
		{637BF041-BB18-49E7-92CA-7922EB211592}.Release|Any CPU.Build.0 = Release|Any CPU
		{355AD8CD-3FB2-42A3-AB3F-585CE58CC69E}.Debug|Any CPU.ActiveCfg = Debug|Any CPU
		{355AD8CD-3FB2-42A3-AB3F-585CE58CC69E}.Debug|Any CPU.Build.0 = Debug|Any CPU
		{355AD8CD-3FB2-42A3-AB3F-585CE58CC69E}.Release|Any CPU.ActiveCfg = Release|Any CPU
		{355AD8CD-3FB2-42A3-AB3F-585CE58CC69E}.Release|Any CPU.Build.0 = Release|Any CPU
		{588D487A-E1AE-4576-9AFA-78C6C3F0AA3C}.Debug|Any CPU.ActiveCfg = Debug|Any CPU
		{588D487A-E1AE-4576-9AFA-78C6C3F0AA3C}.Debug|Any CPU.Build.0 = Debug|Any CPU
		{588D487A-E1AE-4576-9AFA-78C6C3F0AA3C}.Release|Any CPU.ActiveCfg = Release|Any CPU
		{588D487A-E1AE-4576-9AFA-78C6C3F0AA3C}.Release|Any CPU.Build.0 = Release|Any CPU
	EndGlobalSection
	GlobalSection(SolutionProperties) = preSolution
		HideSolutionNode = FALSE
	EndGlobalSection
	GlobalSection(NestedProjects) = preSolution
		{D12DB11C-F3F5-4547-9C11-1DBABB6883C6} = {ECEEC24B-63FE-4404-AC66-9A94FB19B83D}
		{A983F4B8-92F8-44E6-B7C9-C33823F3E890} = {ECEEC24B-63FE-4404-AC66-9A94FB19B83D}
	EndGlobalSection
EndGlobal
