Microsoft Visual Studio Solution File, Format Version 12.00
# Visual Studio 2012
Project("{FAE04EC0-301F-11D3-BF4B-00C04F79EFBC}") = "Build", "src\Build\Build.csproj", "{DE24D3B6-EED5-44C7-A0CA-AE66A364365B}"
EndProject
Project("{FAE04EC0-301F-11D3-BF4B-00C04F79EFBC}") = "Scenarios", "src\Scenarios\Scenarios.csproj", "{637BF041-BB18-49E7-92CA-7922EB211592}"
EndProject
Project("{2150E333-8FDC-42A3-9474-1A3956D46DE8}") = ".nuget", ".nuget", "{3795476A-98F2-457A-A7A4-885FBE242627}"
	ProjectSection(SolutionItems) = preProject
		.nuget\NuGet.Config = .nuget\NuGet.Config
		.nuget\NuGet.exe = .nuget\NuGet.exe
		.nuget\NuGet.targets = .nuget\NuGet.targets
	EndProjectSection
EndProject
Project("{FAE04EC0-301F-11D3-BF4B-00C04F79EFBC}") = "Core", "src\Core\Core.csproj", "{355AD8CD-3FB2-42A3-AB3F-585CE58CC69E}"
EndProject
Project("{FAE04EC0-301F-11D3-BF4B-00C04F79EFBC}") = "CommandLine", "src\CommandLine\CommandLine.csproj", "{588D487A-E1AE-4576-9AFA-78C6C3F0AA3C}"
EndProject
Project("{2150E333-8FDC-42A3-9474-1A3956D46DE8}") = "Solution Items", "Solution Items", "{3BA97855-9E36-4915-AD21-17A437B3D36C}"
	ProjectSection(SolutionItems) = preProject
		deploy.ps1 = deploy.ps1
		xrepo-completion.bash = xrepo-completion.bash
		xrepo-completion.ps1 = xrepo-completion.ps1
	EndProjectSection
EndProject
Global
	GlobalSection(SolutionConfigurationPlatforms) = preSolution
		Debug|Any CPU = Debug|Any CPU
		Release|Any CPU = Release|Any CPU
	EndGlobalSection
	GlobalSection(ProjectConfigurationPlatforms) = postSolution
		{DE24D3B6-EED5-44C7-A0CA-AE66A364365B}.Debug|Any CPU.ActiveCfg = Debug|Any CPU
		{DE24D3B6-EED5-44C7-A0CA-AE66A364365B}.Debug|Any CPU.Build.0 = Debug|Any CPU
		{DE24D3B6-EED5-44C7-A0CA-AE66A364365B}.Release|Any CPU.ActiveCfg = Release|Any CPU
		{DE24D3B6-EED5-44C7-A0CA-AE66A364365B}.Release|Any CPU.Build.0 = Release|Any CPU
		{637BF041-BB18-49E7-92CA-7922EB211592}.Debug|Any CPU.ActiveCfg = Debug|Any CPU
		{637BF041-BB18-49E7-92CA-7922EB211592}.Debug|Any CPU.Build.0 = Debug|Any CPU
		{637BF041-BB18-49E7-92CA-7922EB211592}.Release|Any CPU.ActiveCfg = Release|Any CPU
		{637BF041-BB18-49E7-92CA-7922EB211592}.Release|Any CPU.Build.0 = Release|Any CPU
		{355AD8CD-3FB2-42A3-AB3F-585CE58CC69E}.Debug|Any CPU.ActiveCfg = Debug|Any CPU
		{355AD8CD-3FB2-42A3-AB3F-585CE58CC69E}.Debug|Any CPU.Build.0 = Debug|Any CPU
		{355AD8CD-3FB2-42A3-AB3F-585CE58CC69E}.Release|Any CPU.ActiveCfg = Release|Any CPU
		{355AD8CD-3FB2-42A3-AB3F-585CE58CC69E}.Release|Any CPU.Build.0 = Release|Any CPU
		{588D487A-E1AE-4576-9AFA-78C6C3F0AA3C}.Debug|Any CPU.ActiveCfg = Debug|Any CPU
		{588D487A-E1AE-4576-9AFA-78C6C3F0AA3C}.Debug|Any CPU.Build.0 = Debug|Any CPU
		{588D487A-E1AE-4576-9AFA-78C6C3F0AA3C}.Release|Any CPU.ActiveCfg = Release|Any CPU
		{588D487A-E1AE-4576-9AFA-78C6C3F0AA3C}.Release|Any CPU.Build.0 = Release|Any CPU
	EndGlobalSection
	GlobalSection(SolutionProperties) = preSolution
		HideSolutionNode = FALSE
	EndGlobalSection
EndGlobal
